{
  "name": "cv.larralapid.dev",
  "lockfileVersion": 3,
  "requires": true,
  "packages": {
    "": {
      "dependencies": {
        "hackmyresume": "^1.9.0-beta"
      }
    },
    "node_modules/hackmyresume": {
      "version": "1.9.0-beta",
      "resolved": "https://registry.npmjs.org/hackmyresume/-/hackmyresume-1.9.0-beta.tgz",
      "integrity": "sha512-3z23hKx3RWwHr+SL8LNt2MiniMuukuMoNQ2H5ds9+6Kts2lODVk6pfCAmySuGIer/kOKp/H56tKyzK0fn8UqHg==",
      "hasShrinkwrap": true,
      "license": "MIT",
      "dependencies": {
        "chalk": "^2.3.1",
        "commander": "^2.9.0",
        "copy": "^0.3.1",
        "escape-latex": "^1.0.0",
        "extend": "^3.0.0",
        "fresh-jrs-converter": "^1.0.0",
        "fresh-resume-schema": "^1.0.0-beta",
        "fresh-resume-starter": "^0.3.1",
        "fresh-resume-validator": "^0.2.0",
        "fresh-themes": "^0.17.0-beta",
        "fs-extra": "^5.0.0",
        "glob": "^7.1.2",
        "handlebars": "^4.0.5",
        "html": "^1.0.0",
        "is-my-json-valid": "^2.12.4",
        "json-lint": "^0.1.0",
        "jsonlint": "^1.6.2",
        "lodash": "^4.17.5",
        "marked": "^0.3.5",
        "mkdirp": "^0.5.1",
        "moment": "^2.11.1",
        "parse-filepath": "^1.0.2",
        "path-exists": "^3.0.0",
        "pinkie-promise": "^2.0.0",
        "printf": "^0.2.3",
        "recursive-readdir-sync": "^1.0.6",
        "simple-html-tokenizer": "^0.4.3",
        "slash": "^1.0.0",
        "string-padding": "^1.0.2",
        "string.prototype.endswith": "^0.2.0",
        "string.prototype.startswith": "^0.2.0",
        "traverse": "^0.6.6",
        "underscore": "^1.8.3",
        "word-wrap": "^1.1.0",
        "xml-escape": "^1.0.0",
        "yamljs": "^0.3.0"
      },
      "bin": {
        "hackmyresume": "dist/cli/index.js"
      }
    },
    "node_modules/hackmyresume/node_modules/chalk": {
      "version": "2.3.1",
      "resolved": "https://registry.npmjs.org/chalk/-/chalk-2.3.1.tgz"
    },
    "node_modules/hackmyresume/node_modules/commander": {
      "version": "2.14.1",
      "resolved": "https://registry.npmjs.org/commander/-/commander-2.14.1.tgz"
    },
    "node_modules/hackmyresume/node_modules/copy": {
      "version": "0.3.1",
      "resolved": "https://registry.npmjs.org/copy/-/copy-0.3.1.tgz"
    },
    "node_modules/hackmyresume/node_modules/escape-latex": {
      "version": "1.0.0",
      "resolved": "https://registry.npmjs.org/escape-latex/-/escape-latex-1.0.0.tgz"
    },
    "node_modules/hackmyresume/node_modules/extend": {
      "version": "3.0.1",
      "resolved": "https://registry.npmjs.org/extend/-/extend-3.0.1.tgz"
    },
    "node_modules/hackmyresume/node_modules/fresh-jrs-converter": {
      "version": "1.0.0",
      "resolved": "https://registry.npmjs.org/fresh-jrs-converter/-/fresh-jrs-converter-1.0.0.tgz"
    },
    "node_modules/hackmyresume/node_modules/fresh-resume-schema": {
      "version": "1.0.0-beta",
      "resolved": "https://registry.npmjs.org/fresh-resume-schema/-/fresh-resume-schema-1.0.0-beta.tgz"
    },
    "node_modules/hackmyresume/node_modules/fresh-resume-starter": {
      "version": "0.3.1",
      "resolved": "https://registry.npmjs.org/fresh-resume-starter/-/fresh-resume-starter-0.3.1.tgz"
    },
    "node_modules/hackmyresume/node_modules/fresh-resume-validator": {
      "version": "0.2.0",
      "resolved": "https://registry.npmjs.org/fresh-resume-validator/-/fresh-resume-validator-0.2.0.tgz"
    },
    "node_modules/hackmyresume/node_modules/fresh-themes": {
      "version": "0.17.0-beta",
      "resolved": "https://registry.npmjs.org/fresh-themes/-/fresh-themes-0.17.0-beta.tgz"
    },
    "node_modules/hackmyresume/node_modules/fs-extra": {
      "version": "5.0.0",
      "resolved": "https://registry.npmjs.org/fs-extra/-/fs-extra-5.0.0.tgz"
    },
    "node_modules/hackmyresume/node_modules/glob": {
      "version": "7.1.2",
      "resolved": "https://registry.npmjs.org/glob/-/glob-7.1.2.tgz"
    },
    "node_modules/hackmyresume/node_modules/handlebars": {
      "version": "4.0.11",
      "resolved": "https://registry.npmjs.org/handlebars/-/handlebars-4.0.11.tgz"
    },
    "node_modules/hackmyresume/node_modules/html": {
      "version": "1.0.0",
      "resolved": "https://registry.npmjs.org/html/-/html-1.0.0.tgz"
    },
    "node_modules/hackmyresume/node_modules/is-my-json-valid": {
      "version": "2.17.1",
      "resolved": "https://registry.npmjs.org/is-my-json-valid/-/is-my-json-valid-2.17.1.tgz"
    },
    "node_modules/hackmyresume/node_modules/json-lint": {
      "version": "0.1.0",
      "resolved": "https://registry.npmjs.org/json-lint/-/json-lint-0.1.0.tgz"
    },
    "node_modules/hackmyresume/node_modules/jsonlint": {
      "version": "1.6.2",
      "resolved": "https://registry.npmjs.org/jsonlint/-/jsonlint-1.6.2.tgz"
    },
    "node_modules/hackmyresume/node_modules/lodash": {
      "version": "4.17.5",
      "resolved": "https://registry.npmjs.org/lodash/-/lodash-4.17.5.tgz"
    },
    "node_modules/hackmyresume/node_modules/marked": {
      "version": "0.3.12",
      "resolved": "https://registry.npmjs.org/marked/-/marked-0.3.12.tgz"
    },
    "node_modules/hackmyresume/node_modules/mkdirp": {
      "version": "0.5.1",
      "resolved": "https://registry.npmjs.org/mkdirp/-/mkdirp-0.5.1.tgz"
    },
    "node_modules/hackmyresume/node_modules/moment": {
      "version": "2.20.1",
      "resolved": "https://registry.npmjs.org/moment/-/moment-2.20.1.tgz"
    },
    "node_modules/hackmyresume/node_modules/parse-filepath": {
      "version": "1.0.2",
      "resolved": "https://registry.npmjs.org/parse-filepath/-/parse-filepath-1.0.2.tgz"
    },
    "node_modules/hackmyresume/node_modules/path-exists": {
      "version": "3.0.0",
      "resolved": "https://registry.npmjs.org/path-exists/-/path-exists-3.0.0.tgz"
    },
    "node_modules/hackmyresume/node_modules/pinkie-promise": {
      "version": "2.0.1",
      "resolved": "https://registry.npmjs.org/pinkie-promise/-/pinkie-promise-2.0.1.tgz"
    },
    "node_modules/hackmyresume/node_modules/printf": {
      "version": "0.2.5",
      "resolved": "https://registry.npmjs.org/printf/-/printf-0.2.5.tgz"
    },
    "node_modules/hackmyresume/node_modules/recursive-readdir-sync": {
      "version": "1.0.6",
      "resolved": "https://registry.npmjs.org/recursive-readdir-sync/-/recursive-readdir-sync-1.0.6.tgz"
    },
    "node_modules/hackmyresume/node_modules/simple-html-tokenizer": {
      "version": "0.4.3",
      "resolved": "https://registry.npmjs.org/simple-html-tokenizer/-/simple-html-tokenizer-0.4.3.tgz"
    },
    "node_modules/hackmyresume/node_modules/slash": {
      "version": "1.0.0",
      "resolved": "https://registry.npmjs.org/slash/-/slash-1.0.0.tgz"
    },
    "node_modules/hackmyresume/node_modules/string-padding": {
      "version": "1.0.2",
      "resolved": "https://registry.npmjs.org/string-padding/-/string-padding-1.0.2.tgz"
    },
    "node_modules/hackmyresume/node_modules/string.prototype.endswith": {
      "version": "0.2.0",
      "resolved": "https://registry.npmjs.org/string.prototype.endswith/-/string.prototype.endswith-0.2.0.tgz"
    },
    "node_modules/hackmyresume/node_modules/string.prototype.startswith": {
      "version": "0.2.0",
      "resolved": "https://registry.npmjs.org/string.prototype.startswith/-/string.prototype.startswith-0.2.0.tgz"
    },
    "node_modules/hackmyresume/node_modules/traverse": {
      "version": "0.6.6",
      "resolved": "https://registry.npmjs.org/traverse/-/traverse-0.6.6.tgz"
    },
    "node_modules/hackmyresume/node_modules/underscore": {
      "version": "1.8.3",
      "resolved": "https://registry.npmjs.org/underscore/-/underscore-1.8.3.tgz"
    },
    "node_modules/hackmyresume/node_modules/word-wrap": {
      "version": "1.2.3",
      "resolved": "https://registry.npmjs.org/word-wrap/-/word-wrap-1.2.3.tgz"
    },
    "node_modules/hackmyresume/node_modules/xml-escape": {
      "version": "1.1.0",
      "resolved": "https://registry.npmjs.org/xml-escape/-/xml-escape-1.1.0.tgz"
    },
    "node_modules/hackmyresume/node_modules/yamljs": {
      "version": "0.3.0",
      "resolved": "https://registry.npmjs.org/yamljs/-/yamljs-0.3.0.tgz"
    }
  }
}
